
Microsoft Visual Studio Solution File, Format Version 12.00
# Visual Studio 15
VisualStudioVersion = 15.0.28307.421
MinimumVisualStudioVersion = 10.0.40219.1
Project("{9A19103F-16F7-4668-BE54-9A1E7A4F7556}") = "DeltaDataExtractor", "DeltaDataExtractor\DeltaDataExtractor.csproj", "{4149EE01-0948-4FAE-9703-C4527BD10108}"
EndProject
Project("{9A19103F-16F7-4668-BE54-9A1E7A4F7556}") = "UassetToolkit", "C:\Users\Roman\source\repos\ArkImportTools\UassetToolkit\UassetToolkit.csproj", "{8FE2FE61-EAA1-4514-8D61-8E6626282AFE}"
EndProject
Project("{9A19103F-16F7-4668-BE54-9A1E7A4F7556}") = "LibDeltaSystem", "..\..\LibDeltaSystem\LibDeltaSystem\LibDeltaSystem.csproj", "{20AB7E2F-77B6-4ACA-A805-702DC45C7C50}"
EndProject
Global
	GlobalSection(SolutionConfigurationPlatforms) = preSolution
		Debug|Any CPU = Debug|Any CPU
		Release|Any CPU = Release|Any CPU
	EndGlobalSection
	GlobalSection(ProjectConfigurationPlatforms) = postSolution
		{4149EE01-0948-4FAE-9703-C4527BD10108}.Debug|Any CPU.ActiveCfg = Debug|Any CPU
		{4149EE01-0948-4FAE-9703-C4527BD10108}.Debug|Any CPU.Build.0 = Debug|Any CPU
		{4149EE01-0948-4FAE-9703-C4527BD10108}.Release|Any CPU.ActiveCfg = Release|Any CPU
		{4149EE01-0948-4FAE-9703-C4527BD10108}.Release|Any CPU.Build.0 = Release|Any CPU
		{8FE2FE61-EAA1-4514-8D61-8E6626282AFE}.Debug|Any CPU.ActiveCfg = Debug|Any CPU
		{8FE2FE61-EAA1-4514-8D61-8E6626282AFE}.Debug|Any CPU.Build.0 = Debug|Any CPU
		{8FE2FE61-EAA1-4514-8D61-8E6626282AFE}.Release|Any CPU.ActiveCfg = Release|Any CPU
		{8FE2FE61-EAA1-4514-8D61-8E6626282AFE}.Release|Any CPU.Build.0 = Release|Any CPU
		{20AB7E2F-77B6-4ACA-A805-702DC45C7C50}.Debug|Any CPU.ActiveCfg = Debug|Any CPU
		{20AB7E2F-77B6-4ACA-A805-702DC45C7C50}.Debug|Any CPU.Build.0 = Debug|Any CPU
		{20AB7E2F-77B6-4ACA-A805-702DC45C7C50}.Release|Any CPU.ActiveCfg = Release|Any CPU
		{20AB7E2F-77B6-4ACA-A805-702DC45C7C50}.Release|Any CPU.Build.0 = Release|Any CPU
	EndGlobalSection
	GlobalSection(SolutionProperties) = preSolution
		HideSolutionNode = FALSE
	EndGlobalSection
	GlobalSection(ExtensibilityGlobals) = postSolution
		SolutionGuid = {8999EC64-EE31-42FF-AE6B-271CAD8B3C17}
	EndGlobalSection
EndGlobal
